// !$*UTF8*$!
{
	archiveVersion = 1;
	classes = {
	};
	objectVersion = 77;
	objects = {

/* Begin PBXBuildFile section */
		711AC7CA2D04774F00E5F548 /* FollowerListVC.swift in Sources */ = {isa = PBXBuildFile; fileRef = 711AC7C92D04774F00E5F548 /* FollowerListVC.swift */; };
		711AC7CE2D047FF600E5F548 /* GFTitleLabel.swift in Sources */ = {isa = PBXBuildFile; fileRef = 711AC7CD2D047FF600E5F548 /* GFTitleLabel.swift */; };
		711AC7D02D04811A00E5F548 /* GFBodyLabel.swift in Sources */ = {isa = PBXBuildFile; fileRef = 711AC7CF2D04811A00E5F548 /* GFBodyLabel.swift */; };
		711AC7D22D0481A000E5F548 /* GFAlertVC.swift in Sources */ = {isa = PBXBuildFile; fileRef = 711AC7D12D0481A000E5F548 /* GFAlertVC.swift */; };
		711AC7D42D0485E700E5F548 /* UIViewController+Ext.swift in Sources */ = {isa = PBXBuildFile; fileRef = 711AC7D32D0485E700E5F548 /* UIViewController+Ext.swift */; };
		7172C5FF2D03901B004F5549 /* AppDelegate.swift in Sources */ = {isa = PBXBuildFile; fileRef = 7172C5F72D03901B004F5549 /* AppDelegate.swift */; };
		7172C6002D03901B004F5549 /* SceneDelegate.swift in Sources */ = {isa = PBXBuildFile; fileRef = 7172C5FC2D03901B004F5549 /* SceneDelegate.swift */; };
		7172C6012D03901B004F5549 /* ViewController.swift in Sources */ = {isa = PBXBuildFile; fileRef = 7172C5FD2D03901B004F5549 /* ViewController.swift */; };
		7172C6022D03901B004F5549 /* Assets.xcassets in Resources */ = {isa = PBXBuildFile; fileRef = 7172C5F82D03901B004F5549 /* Assets.xcassets */; };
		7172C6042D03901B004F5549 /* LaunchScreen.storyboard in Resources */ = {isa = PBXBuildFile; fileRef = 7172C5FB2D03901B004F5549 /* LaunchScreen.storyboard */; };
		7172C60A2D039361004F5549 /* SearchVC.swift in Sources */ = {isa = PBXBuildFile; fileRef = 7172C6092D039361004F5549 /* SearchVC.swift */; };
		7172C60C2D03937B004F5549 /* FavoritesListVC.swift in Sources */ = {isa = PBXBuildFile; fileRef = 7172C60B2D03937B004F5549 /* FavoritesListVC.swift */; };
		7172C6122D039558004F5549 /* GFButton.swift in Sources */ = {isa = PBXBuildFile; fileRef = 7172C6112D039558004F5549 /* GFButton.swift */; };
		7172C6142D03976E004F5549 /* GFTextField.swift in Sources */ = {isa = PBXBuildFile; fileRef = 7172C6132D03976E004F5549 /* GFTextField.swift */; };
/* End PBXBuildFile section */

/* Begin PBXFileReference section */
		711AC7C92D04774F00E5F548 /* FollowerListVC.swift */ = {isa = PBXFileReference; lastKnownFileType = sourcecode.swift; path = FollowerListVC.swift; sourceTree = "<group>"; };
		711AC7CD2D047FF600E5F548 /* GFTitleLabel.swift */ = {isa = PBXFileReference; lastKnownFileType = sourcecode.swift; path = GFTitleLabel.swift; sourceTree = "<group>"; };
		711AC7CF2D04811A00E5F548 /* GFBodyLabel.swift */ = {isa = PBXFileReference; lastKnownFileType = sourcecode.swift; path = GFBodyLabel.swift; sourceTree = "<group>"; };
		711AC7D12D0481A000E5F548 /* GFAlertVC.swift */ = {isa = PBXFileReference; lastKnownFileType = sourcecode.swift; path = GFAlertVC.swift; sourceTree = "<group>"; };
		711AC7D32D0485E700E5F548 /* UIViewController+Ext.swift */ = {isa = PBXFileReference; lastKnownFileType = sourcecode.swift; path = "UIViewController+Ext.swift"; sourceTree = "<group>"; };
		7172C5F72D03901B004F5549 /* AppDelegate.swift */ = {isa = PBXFileReference; lastKnownFileType = sourcecode.swift; path = AppDelegate.swift; sourceTree = "<group>"; };
		7172C5F82D03901B004F5549 /* Assets.xcassets */ = {isa = PBXFileReference; lastKnownFileType = folder.assetcatalog; path = Assets.xcassets; sourceTree = "<group>"; };
		7172C5F92D03901B004F5549 /* Info.plist */ = {isa = PBXFileReference; lastKnownFileType = text.plist.xml; path = Info.plist; sourceTree = "<group>"; };
		7172C5FA2D03901B004F5549 /* Base */ = {isa = PBXFileReference; lastKnownFileType = file.storyboard; name = Base; path = Base.lproj/LaunchScreen.storyboard; sourceTree = "<group>"; };
		7172C5FC2D03901B004F5549 /* SceneDelegate.swift */ = {isa = PBXFileReference; lastKnownFileType = sourcecode.swift; path = SceneDelegate.swift; sourceTree = "<group>"; };
		7172C5FD2D03901B004F5549 /* ViewController.swift */ = {isa = PBXFileReference; lastKnownFileType = sourcecode.swift; path = ViewController.swift; sourceTree = "<group>"; };
		7172C6092D039361004F5549 /* SearchVC.swift */ = {isa = PBXFileReference; lastKnownFileType = sourcecode.swift; path = SearchVC.swift; sourceTree = "<group>"; };
		7172C60B2D03937B004F5549 /* FavoritesListVC.swift */ = {isa = PBXFileReference; lastKnownFileType = sourcecode.swift; path = FavoritesListVC.swift; sourceTree = "<group>"; };
		7172C6112D039558004F5549 /* GFButton.swift */ = {isa = PBXFileReference; lastKnownFileType = sourcecode.swift; path = GFButton.swift; sourceTree = "<group>"; };
		7172C6132D03976E004F5549 /* GFTextField.swift */ = {isa = PBXFileReference; lastKnownFileType = sourcecode.swift; path = GFTextField.swift; sourceTree = "<group>"; };
		71DB22812D020C8A0098DC06 /* GHFollowers.app */ = {isa = PBXFileReference; explicitFileType = wrapper.application; includeInIndex = 0; path = GHFollowers.app; sourceTree = BUILT_PRODUCTS_DIR; };
/* End PBXFileReference section */

/* Begin PBXFrameworksBuildPhase section */
		71DB227E2D020C8A0098DC06 /* Frameworks */ = {
			isa = PBXFrameworksBuildPhase;
			buildActionMask = 2147483647;
			files = (
			);
			runOnlyForDeploymentPostprocessing = 0;
		};
/* End PBXFrameworksBuildPhase section */

/* Begin PBXGroup section */
		711AC7CB2D04789F00E5F548 /* General */ = {
			isa = PBXGroup;
			children = (
				711AC7C92D04774F00E5F548 /* FollowerListVC.swift */,
				711AC7D12D0481A000E5F548 /* GFAlertVC.swift */,
			);
			path = General;
			sourceTree = "<group>";
		};
		7172C5FE2D03901B004F5549 /* GHFollowers */ = {
			isa = PBXGroup;
			children = (
				7172C60F2D03953A004F5549 /* Models */,
				7172C60E2D039536004F5549 /* ViewModels */,
				7172C60D2D039533004F5549 /* Views */,
				7172C6052D039315004F5549 /* Controllers */,
				7172C5F72D03901B004F5549 /* AppDelegate.swift */,
				7172C5FC2D03901B004F5549 /* SceneDelegate.swift */,
				7172C5FD2D03901B004F5549 /* ViewController.swift */,
				7172C5FB2D03901B004F5549 /* LaunchScreen.storyboard */,
				7172C5F92D03901B004F5549 /* Info.plist */,
				7172C5F82D03901B004F5549 /* Assets.xcassets */,
				711AC7D32D0485E700E5F548 /* UIViewController+Ext.swift */,
			);
			path = GHFollowers;
			sourceTree = "<group>";
		};
		7172C6052D039315004F5549 /* Controllers */ = {
			isa = PBXGroup;
			children = (
				711AC7CB2D04789F00E5F548 /* General */,
				7172C6082D03934D004F5549 /* Core */,
			);
			path = Controllers;
			sourceTree = "<group>";
		};
		7172C6082D03934D004F5549 /* Core */ = {
			isa = PBXGroup;
			children = (
				7172C6092D039361004F5549 /* SearchVC.swift */,
				7172C60B2D03937B004F5549 /* FavoritesListVC.swift */,
			);
			path = Core;
			sourceTree = "<group>";
		};
		7172C60D2D039533004F5549 /* Views */ = {
			isa = PBXGroup;
			children = (
				7172C6102D03953F004F5549 /* General */,
			);
			path = Views;
			sourceTree = "<group>";
		};
		7172C60E2D039536004F5549 /* ViewModels */ = {
			isa = PBXGroup;
			children = (
			);
			path = ViewModels;
			sourceTree = "<group>";
		};
		7172C60F2D03953A004F5549 /* Models */ = {
			isa = PBXGroup;
			children = (
			);
			path = Models;
			sourceTree = "<group>";
		};
		7172C6102D03953F004F5549 /* General */ = {
			isa = PBXGroup;
			children = (
				7172C6112D039558004F5549 /* GFButton.swift */,
				7172C6132D03976E004F5549 /* GFTextField.swift */,
				711AC7CD2D047FF600E5F548 /* GFTitleLabel.swift */,
				711AC7CF2D04811A00E5F548 /* GFBodyLabel.swift */,
			);
			path = General;
			sourceTree = "<group>";
		};
		71DB22782D020C8A0098DC06 = {
			isa = PBXGroup;
			children = (
				7172C5FE2D03901B004F5549 /* GHFollowers */,
				71DB22822D020C8A0098DC06 /* Products */,
			);
			sourceTree = "<group>";
		};
		71DB22822D020C8A0098DC06 /* Products */ = {
			isa = PBXGroup;
			children = (
				71DB22812D020C8A0098DC06 /* GHFollowers.app */,
			);
			name = Products;
			sourceTree = "<group>";
		};
/* End PBXGroup section */

/* Begin PBXNativeTarget section */
		71DB22802D020C8A0098DC06 /* GHFollowers */ = {
			isa = PBXNativeTarget;
			buildConfigurationList = 71DB22942D020C8B0098DC06 /* Build configuration list for PBXNativeTarget "GHFollowers" */;
			buildPhases = (
				71DB227D2D020C8A0098DC06 /* Sources */,
				71DB227E2D020C8A0098DC06 /* Frameworks */,
				71DB227F2D020C8A0098DC06 /* Resources */,
			);
			buildRules = (
			);
			dependencies = (
			);
			name = GHFollowers;
			packageProductDependencies = (
			);
			productName = GHFollowers;
			productReference = 71DB22812D020C8A0098DC06 /* GHFollowers.app */;
			productType = "com.apple.product-type.application";
		};
/* End PBXNativeTarget section */

/* Begin PBXProject section */
		71DB22792D020C8A0098DC06 /* Project object */ = {
			isa = PBXProject;
			attributes = {
				BuildIndependentTargetsInParallel = 1;
				LastSwiftUpdateCheck = 1610;
				LastUpgradeCheck = 1610;
				TargetAttributes = {
					71DB22802D020C8A0098DC06 = {
						CreatedOnToolsVersion = 16.1;
					};
				};
			};
			buildConfigurationList = 71DB227C2D020C8A0098DC06 /* Build configuration list for PBXProject "GHFollowers" */;
			developmentRegion = en;
			hasScannedForEncodings = 0;
			knownRegions = (
				en,
				Base,
			);
			mainGroup = 71DB22782D020C8A0098DC06;
			minimizedProjectReferenceProxies = 1;
			preferredProjectObjectVersion = 77;
			productRefGroup = 71DB22822D020C8A0098DC06 /* Products */;
			projectDirPath = "";
			projectRoot = "";
			targets = (
				71DB22802D020C8A0098DC06 /* GHFollowers */,
			);
		};
/* End PBXProject section */

/* Begin PBXResourcesBuildPhase section */
		71DB227F2D020C8A0098DC06 /* Resources */ = {
			isa = PBXResourcesBuildPhase;
			buildActionMask = 2147483647;
			files = (
				7172C6022D03901B004F5549 /* Assets.xcassets in Resources */,
				7172C6042D03901B004F5549 /* LaunchScreen.storyboard in Resources */,
			);
			runOnlyForDeploymentPostprocessing = 0;
		};
/* End PBXResourcesBuildPhase section */

/* Begin PBXSourcesBuildPhase section */
		71DB227D2D020C8A0098DC06 /* Sources */ = {
			isa = PBXSourcesBuildPhase;
			buildActionMask = 2147483647;
			files = (
				711AC7CA2D04774F00E5F548 /* FollowerListVC.swift in Sources */,
				7172C60C2D03937B004F5549 /* FavoritesListVC.swift in Sources */,
				711AC7D42D0485E700E5F548 /* UIViewController+Ext.swift in Sources */,
				7172C6142D03976E004F5549 /* GFTextField.swift in Sources */,
				7172C60A2D039361004F5549 /* SearchVC.swift in Sources */,
				7172C6122D039558004F5549 /* GFButton.swift in Sources */,
				711AC7D22D0481A000E5F548 /* GFAlertVC.swift in Sources */,
				7172C5FF2D03901B004F5549 /* AppDelegate.swift in Sources */,
				711AC7CE2D047FF600E5F548 /* GFTitleLabel.swift in Sources */,
				7172C6002D03901B004F5549 /* SceneDelegate.swift in Sources */,
				7172C6012D03901B004F5549 /* ViewController.swift in Sources */,
				711AC7D02D04811A00E5F548 /* GFBodyLabel.swift in Sources */,
			);
			runOnlyForDeploymentPostprocessing = 0;
		};
/* End PBXSourcesBuildPhase section */

/* Begin PBXVariantGroup section */
		7172C5FB2D03901B004F5549 /* LaunchScreen.storyboard */ = {
			isa = PBXVariantGroup;
			children = (
				7172C5FA2D03901B004F5549 /* Base */,
			);
			name = LaunchScreen.storyboard;
			sourceTree = "<group>";
		};
/* End PBXVariantGroup section */

/* Begin XCBuildConfiguration section */
		71DB22952D020C8B0098DC06 /* Debug */ = {
			isa = XCBuildConfiguration;
			buildSettings = {
				ASSETCATALOG_COMPILER_APPICON_NAME = AppIcon;
				ASSETCATALOG_COMPILER_GLOBAL_ACCENT_COLOR_NAME = AccentColor;
				CODE_SIGN_STYLE = Automatic;
				CURRENT_PROJECT_VERSION = 1;
				GENERATE_INFOPLIST_FILE = YES;
				INFOPLIST_FILE = GHFollowers/Info.plist;
				INFOPLIST_KEY_UIApplicationSupportsIndirectInputEvents = YES;
				INFOPLIST_KEY_UILaunchStoryboardName = LaunchScreen;
				INFOPLIST_KEY_UISupportedInterfaceOrientations = UIInterfaceOrientationPortrait;
				LD_RUNPATH_SEARCH_PATHS = (
					"$(inherited)",
					"@executable_path/Frameworks",
				);
				MARKETING_VERSION = 1.0;
				PRODUCT_BUNDLE_IDENTIFIER = com.archonie.GHFollowers;
				PRODUCT_NAME = "$(TARGET_NAME)";
				SWIFT_EMIT_LOC_STRINGS = YES;
				SWIFT_VERSION = 5.0;
				TARGETED_DEVICE_FAMILY = "1,2";
			};
			name = Debug;
		};
		71DB22962D020C8B0098DC06 /* Release */ = {
			isa = XCBuildConfiguration;
			buildSettings = {
				ASSETCATALOG_COMPILER_APPICON_NAME = AppIcon;
				ASSETCATALOG_COMPILER_GLOBAL_ACCENT_COLOR_NAME = AccentColor;
				CODE_SIGN_STYLE = Automatic;
				CURRENT_PROJECT_VERSION = 1;
				GENERATE_INFOPLIST_FILE = YES;
				INFOPLIST_FILE = GHFollowers/Info.plist;
				INFOPLIST_KEY_UIApplicationSupportsIndirectInputEvents = YES;
				INFOPLIST_KEY_UILaunchStoryboardName = LaunchScreen;
				INFOPLIST_KEY_UISupportedInterfaceOrientations = UIInterfaceOrientationPortrait;
				LD_RUNPATH_SEARCH_PATHS = (
					"$(inherited)",
					"@executable_path/Frameworks",
				);
				MARKETING_VERSION = 1.0;
				PRODUCT_BUNDLE_IDENTIFIER = com.archonie.GHFollowers;
				PRODUCT_NAME = "$(TARGET_NAME)";
				SWIFT_EMIT_LOC_STRINGS = YES;
				SWIFT_VERSION = 5.0;
				TARGETED_DEVICE_FAMILY = "1,2";
			};
			name = Release;
		};
		71DB22972D020C8B0098DC06 /* Debug */ = {
			isa = XCBuildConfiguration;
			buildSettings = {
				ALWAYS_SEARCH_USER_PATHS = NO;
				ASSETCATALOG_COMPILER_GENERATE_SWIFT_ASSET_SYMBOL_EXTENSIONS = YES;
				CLANG_ANALYZER_NONNULL = YES;
				CLANG_ANALYZER_NUMBER_OBJECT_CONVERSION = YES_AGGRESSIVE;
				CLANG_CXX_LANGUAGE_STANDARD = "gnu++20";
				CLANG_ENABLE_MODULES = YES;
				CLANG_ENABLE_OBJC_ARC = YES;
				CLANG_ENABLE_OBJC_WEAK = YES;
				CLANG_WARN_BLOCK_CAPTURE_AUTORELEASING = YES;
				CLANG_WARN_BOOL_CONVERSION = YES;
				CLANG_WARN_COMMA = YES;
				CLANG_WARN_CONSTANT_CONVERSION = YES;
				CLANG_WARN_DEPRECATED_OBJC_IMPLEMENTATIONS = YES;
				CLANG_WARN_DIRECT_OBJC_ISA_USAGE = YES_ERROR;
				CLANG_WARN_DOCUMENTATION_COMMENTS = YES;
				CLANG_WARN_EMPTY_BODY = YES;
				CLANG_WARN_ENUM_CONVERSION = YES;
				CLANG_WARN_INFINITE_RECURSION = YES;
				CLANG_WARN_INT_CONVERSION = YES;
				CLANG_WARN_NON_LITERAL_NULL_CONVERSION = YES;
				CLANG_WARN_OBJC_IMPLICIT_RETAIN_SELF = YES;
				CLANG_WARN_OBJC_LITERAL_CONVERSION = YES;
				CLANG_WARN_OBJC_ROOT_CLASS = YES_ERROR;
				CLANG_WARN_QUOTED_INCLUDE_IN_FRAMEWORK_HEADER = YES;
				CLANG_WARN_RANGE_LOOP_ANALYSIS = YES;
				CLANG_WARN_STRICT_PROTOTYPES = YES;
				CLANG_WARN_SUSPICIOUS_MOVE = YES;
				CLANG_WARN_UNGUARDED_AVAILABILITY = YES_AGGRESSIVE;
				CLANG_WARN_UNREACHABLE_CODE = YES;
				CLANG_WARN__DUPLICATE_METHOD_MATCH = YES;
				COPY_PHASE_STRIP = NO;
				DEBUG_INFORMATION_FORMAT = dwarf;
				ENABLE_STRICT_OBJC_MSGSEND = YES;
				ENABLE_TESTABILITY = YES;
				ENABLE_USER_SCRIPT_SANDBOXING = YES;
				GCC_C_LANGUAGE_STANDARD = gnu17;
				GCC_DYNAMIC_NO_PIC = NO;
				GCC_NO_COMMON_BLOCKS = YES;
				GCC_OPTIMIZATION_LEVEL = 0;
				GCC_PREPROCESSOR_DEFINITIONS = (
					"DEBUG=1",
					"$(inherited)",
				);
				GCC_WARN_64_TO_32_BIT_CONVERSION = YES;
				GCC_WARN_ABOUT_RETURN_TYPE = YES_ERROR;
				GCC_WARN_UNDECLARED_SELECTOR = YES;
				GCC_WARN_UNINITIALIZED_AUTOS = YES_AGGRESSIVE;
				GCC_WARN_UNUSED_FUNCTION = YES;
				GCC_WARN_UNUSED_VARIABLE = YES;
				IPHONEOS_DEPLOYMENT_TARGET = 18.1;
				LOCALIZATION_PREFERS_STRING_CATALOGS = YES;
				MTL_ENABLE_DEBUG_INFO = INCLUDE_SOURCE;
				MTL_FAST_MATH = YES;
				ONLY_ACTIVE_ARCH = YES;
				SDKROOT = iphoneos;
				SWIFT_ACTIVE_COMPILATION_CONDITIONS = "DEBUG $(inherited)";
				SWIFT_OPTIMIZATION_LEVEL = "-Onone";
			};
			name = Debug;
		};
		71DB22982D020C8B0098DC06 /* Release */ = {
			isa = XCBuildConfiguration;
			buildSettings = {
				ALWAYS_SEARCH_USER_PATHS = NO;
				ASSETCATALOG_COMPILER_GENERATE_SWIFT_ASSET_SYMBOL_EXTENSIONS = YES;
				CLANG_ANALYZER_NONNULL = YES;
				CLANG_ANALYZER_NUMBER_OBJECT_CONVERSION = YES_AGGRESSIVE;
				CLANG_CXX_LANGUAGE_STANDARD = "gnu++20";
				CLANG_ENABLE_MODULES = YES;
				CLANG_ENABLE_OBJC_ARC = YES;
				CLANG_ENABLE_OBJC_WEAK = YES;
				CLANG_WARN_BLOCK_CAPTURE_AUTORELEASING = YES;
				CLANG_WARN_BOOL_CONVERSION = YES;
				CLANG_WARN_COMMA = YES;
				CLANG_WARN_CONSTANT_CONVERSION = YES;
				CLANG_WARN_DEPRECATED_OBJC_IMPLEMENTATIONS = YES;
				CLANG_WARN_DIRECT_OBJC_ISA_USAGE = YES_ERROR;
				CLANG_WARN_DOCUMENTATION_COMMENTS = YES;
				CLANG_WARN_EMPTY_BODY = YES;
				CLANG_WARN_ENUM_CONVERSION = YES;
				CLANG_WARN_INFINITE_RECURSION = YES;
				CLANG_WARN_INT_CONVERSION = YES;
				CLANG_WARN_NON_LITERAL_NULL_CONVERSION = YES;
				CLANG_WARN_OBJC_IMPLICIT_RETAIN_SELF = YES;
				CLANG_WARN_OBJC_LITERAL_CONVERSION = YES;
				CLANG_WARN_OBJC_ROOT_CLASS = YES_ERROR;
				CLANG_WARN_QUOTED_INCLUDE_IN_FRAMEWORK_HEADER = YES;
				CLANG_WARN_RANGE_LOOP_ANALYSIS = YES;
				CLANG_WARN_STRICT_PROTOTYPES = YES;
				CLANG_WARN_SUSPICIOUS_MOVE = YES;
				CLANG_WARN_UNGUARDED_AVAILABILITY = YES_AGGRESSIVE;
				CLANG_WARN_UNREACHABLE_CODE = YES;
				CLANG_WARN__DUPLICATE_METHOD_MATCH = YES;
				COPY_PHASE_STRIP = NO;
				DEBUG_INFORMATION_FORMAT = "dwarf-with-dsym";
				ENABLE_NS_ASSERTIONS = NO;
				ENABLE_STRICT_OBJC_MSGSEND = YES;
				ENABLE_USER_SCRIPT_SANDBOXING = YES;
				GCC_C_LANGUAGE_STANDARD = gnu17;
				GCC_NO_COMMON_BLOCKS = YES;
				GCC_WARN_64_TO_32_BIT_CONVERSION = YES;
				GCC_WARN_ABOUT_RETURN_TYPE = YES_ERROR;
				GCC_WARN_UNDECLARED_SELECTOR = YES;
				GCC_WARN_UNINITIALIZED_AUTOS = YES_AGGRESSIVE;
				GCC_WARN_UNUSED_FUNCTION = YES;
				GCC_WARN_UNUSED_VARIABLE = YES;
				IPHONEOS_DEPLOYMENT_TARGET = 18.1;
				LOCALIZATION_PREFERS_STRING_CATALOGS = YES;
				MTL_ENABLE_DEBUG_INFO = NO;
				MTL_FAST_MATH = YES;
				SDKROOT = iphoneos;
				SWIFT_COMPILATION_MODE = wholemodule;
				VALIDATE_PRODUCT = YES;
			};
			name = Release;
		};
/* End XCBuildConfiguration section */

/* Begin XCConfigurationList section */
		71DB227C2D020C8A0098DC06 /* Build configuration list for PBXProject "GHFollowers" */ = {
			isa = XCConfigurationList;
			buildConfigurations = (
				71DB22972D020C8B0098DC06 /* Debug */,
				71DB22982D020C8B0098DC06 /* Release */,
			);
			defaultConfigurationIsVisible = 0;
			defaultConfigurationName = Release;
		};
		71DB22942D020C8B0098DC06 /* Build configuration list for PBXNativeTarget "GHFollowers" */ = {
			isa = XCConfigurationList;
			buildConfigurations = (
				71DB22952D020C8B0098DC06 /* Debug */,
				71DB22962D020C8B0098DC06 /* Release */,
			);
			defaultConfigurationIsVisible = 0;
			defaultConfigurationName = Release;
		};
/* End XCConfigurationList section */
	};
	rootObject = 71DB22792D020C8A0098DC06 /* Project object */;
}
