// !$*UTF8*$!
{
	archiveVersion = 1;
	classes = {
	};
	objectVersion = 77;
	objects = {

/* Begin PBXBuildFile section */
		711AC7CA2D04774F00E5F548 /* FollowerListVC.swift in Sources */ = {isa = PBXBuildFile; fileRef = 711AC7C92D04774F00E5F548 /* FollowerListVC.swift */; };
		711AC7CE2D047FF600E5F548 /* GFTitleLabel.swift in Sources */ = {isa = PBXBuildFile; fileRef = 711AC7CD2D047FF600E5F548 /* GFTitleLabel.swift */; };
		711AC7D02D04811A00E5F548 /* GFBodyLabel.swift in Sources */ = {isa = PBXBuildFile; fileRef = 711AC7CF2D04811A00E5F548 /* GFBodyLabel.swift */; };
		711AC7D22D0481A000E5F548 /* GFAlertVC.swift in Sources */ = {isa = PBXBuildFile; fileRef = 711AC7D12D0481A000E5F548 /* GFAlertVC.swift */; };
		711AC7D42D0485E700E5F548 /* UIViewController+Ext.swift in Sources */ = {isa = PBXBuildFile; fileRef = 711AC7D32D0485E700E5F548 /* UIViewController+Ext.swift */; };
		7122AAE62D07873E0091DDF3 /* UserInfoVC.swift in Sources */ = {isa = PBXBuildFile; fileRef = 7122AAE52D07873E0091DDF3 /* UserInfoVC.swift */; };
		7122AAE82D078E370091DDF3 /* GFError.swift in Sources */ = {isa = PBXBuildFile; fileRef = 7122AAE72D078E340091DDF3 /* GFError.swift */; };
		7122AAEB2D078FBD0091DDF3 /* GFUserInfoHeaderVC.swift in Sources */ = {isa = PBXBuildFile; fileRef = 7122AAEA2D078FBD0091DDF3 /* GFUserInfoHeaderVC.swift */; };
		7122AAED2D078FF10091DDF3 /* GFSecondaryTitleLabel.swift in Sources */ = {isa = PBXBuildFile; fileRef = 7122AAEC2D078FF10091DDF3 /* GFSecondaryTitleLabel.swift */; };
		7122AAEF2D07960F0091DDF3 /* Constants.swift in Sources */ = {isa = PBXBuildFile; fileRef = 7122AAEE2D07960C0091DDF3 /* Constants.swift */; };
		716EFE882D04B1EB00FA3356 /* Follower.swift in Sources */ = {isa = PBXBuildFile; fileRef = 716EFE872D04B1E800FA3356 /* Follower.swift */; };
		716EFE8A2D04B26400FA3356 /* User.swift in Sources */ = {isa = PBXBuildFile; fileRef = 716EFE892D04B26200FA3356 /* User.swift */; };
		716EFE8D2D04B4EB00FA3356 /* NetworkManager.swift in Sources */ = {isa = PBXBuildFile; fileRef = 716EFE8C2D04B4E700FA3356 /* NetworkManager.swift */; };
		716F2B762D089F8E00C7E31B /* GFItemInfoView.swift in Sources */ = {isa = PBXBuildFile; fileRef = 716F2B752D089F8E00C7E31B /* GFItemInfoView.swift */; };
		716F2B782D08A2F200C7E31B /* GFItemInfoVC.swift in Sources */ = {isa = PBXBuildFile; fileRef = 716F2B772D08A2F200C7E31B /* GFItemInfoVC.swift */; };
		716F2B7A2D08A57100C7E31B /* GFRepoItemVC.swift in Sources */ = {isa = PBXBuildFile; fileRef = 716F2B792D08A57100C7E31B /* GFRepoItemVC.swift */; };
		716F2B7C2D08A73900C7E31B /* GFFollowerItemVC.swift in Sources */ = {isa = PBXBuildFile; fileRef = 716F2B7B2D08A73900C7E31B /* GFFollowerItemVC.swift */; };
		716F2B812D08BA9700C7E31B /* Date+Ext.swift in Sources */ = {isa = PBXBuildFile; fileRef = 716F2B802D08BA9500C7E31B /* Date+Ext.swift */; };
		716F2B832D08BAB000C7E31B /* String+Ext.swift in Sources */ = {isa = PBXBuildFile; fileRef = 716F2B822D08BAAD00C7E31B /* String+Ext.swift */; };
		716F2B852D09BC2E00C7E31B /* PersistenceManager.swift in Sources */ = {isa = PBXBuildFile; fileRef = 716F2B842D09BC2900C7E31B /* PersistenceManager.swift */; };
		716F2B872D09C59B00C7E31B /* FavoriteCell.swift in Sources */ = {isa = PBXBuildFile; fileRef = 716F2B862D09C59B00C7E31B /* FavoriteCell.swift */; };
		7172C5FF2D03901B004F5549 /* AppDelegate.swift in Sources */ = {isa = PBXBuildFile; fileRef = 7172C5F72D03901B004F5549 /* AppDelegate.swift */; };
		7172C6002D03901B004F5549 /* SceneDelegate.swift in Sources */ = {isa = PBXBuildFile; fileRef = 7172C5FC2D03901B004F5549 /* SceneDelegate.swift */; };
		7172C6012D03901B004F5549 /* ViewController.swift in Sources */ = {isa = PBXBuildFile; fileRef = 7172C5FD2D03901B004F5549 /* ViewController.swift */; };
		7172C6022D03901B004F5549 /* Assets.xcassets in Resources */ = {isa = PBXBuildFile; fileRef = 7172C5F82D03901B004F5549 /* Assets.xcassets */; };
		7172C6042D03901B004F5549 /* LaunchScreen.storyboard in Resources */ = {isa = PBXBuildFile; fileRef = 7172C5FB2D03901B004F5549 /* LaunchScreen.storyboard */; };
		7172C60A2D039361004F5549 /* SearchVC.swift in Sources */ = {isa = PBXBuildFile; fileRef = 7172C6092D039361004F5549 /* SearchVC.swift */; };
		7172C60C2D03937B004F5549 /* FavoritesListVC.swift in Sources */ = {isa = PBXBuildFile; fileRef = 7172C60B2D03937B004F5549 /* FavoritesListVC.swift */; };
		7172C6122D039558004F5549 /* GFButton.swift in Sources */ = {isa = PBXBuildFile; fileRef = 7172C6112D039558004F5549 /* GFButton.swift */; };
		7172C6142D03976E004F5549 /* GFTextField.swift in Sources */ = {isa = PBXBuildFile; fileRef = 7172C6132D03976E004F5549 /* GFTextField.swift */; };
		71A217E32D05146500442B8D /* FollowerCell.swift in Sources */ = {isa = PBXBuildFile; fileRef = 71A217E22D05146500442B8D /* FollowerCell.swift */; };
		71A217E52D0514E000442B8D /* GFAvatarImageView.swift in Sources */ = {isa = PBXBuildFile; fileRef = 71A217E42D0514E000442B8D /* GFAvatarImageView.swift */; };
		71A217E72D06063200442B8D /* UIHelper.swift in Sources */ = {isa = PBXBuildFile; fileRef = 71A217E62D06062E00442B8D /* UIHelper.swift */; };
		71A217EF2D06491800442B8D /* GFEmptyStateView.swift in Sources */ = {isa = PBXBuildFile; fileRef = 71A217EE2D06491800442B8D /* GFEmptyStateView.swift */; };
/* End PBXBuildFile section */

/* Begin PBXFileReference section */
		711AC7C92D04774F00E5F548 /* FollowerListVC.swift */ = {isa = PBXFileReference; lastKnownFileType = sourcecode.swift; path = FollowerListVC.swift; sourceTree = "<group>"; };
		711AC7CD2D047FF600E5F548 /* GFTitleLabel.swift */ = {isa = PBXFileReference; lastKnownFileType = sourcecode.swift; path = GFTitleLabel.swift; sourceTree = "<group>"; };
		711AC7CF2D04811A00E5F548 /* GFBodyLabel.swift */ = {isa = PBXFileReference; lastKnownFileType = sourcecode.swift; path = GFBodyLabel.swift; sourceTree = "<group>"; };
		711AC7D12D0481A000E5F548 /* GFAlertVC.swift */ = {isa = PBXFileReference; lastKnownFileType = sourcecode.swift; path = GFAlertVC.swift; sourceTree = "<group>"; };
		711AC7D32D0485E700E5F548 /* UIViewController+Ext.swift */ = {isa = PBXFileReference; lastKnownFileType = sourcecode.swift; path = "UIViewController+Ext.swift"; sourceTree = "<group>"; };
		7122AAE52D07873E0091DDF3 /* UserInfoVC.swift */ = {isa = PBXFileReference; lastKnownFileType = sourcecode.swift; path = UserInfoVC.swift; sourceTree = "<group>"; };
		7122AAE72D078E340091DDF3 /* GFError.swift */ = {isa = PBXFileReference; lastKnownFileType = sourcecode.swift; path = GFError.swift; sourceTree = "<group>"; };
		7122AAEA2D078FBD0091DDF3 /* GFUserInfoHeaderVC.swift */ = {isa = PBXFileReference; lastKnownFileType = sourcecode.swift; path = GFUserInfoHeaderVC.swift; sourceTree = "<group>"; };
		7122AAEC2D078FF10091DDF3 /* GFSecondaryTitleLabel.swift */ = {isa = PBXFileReference; lastKnownFileType = sourcecode.swift; path = GFSecondaryTitleLabel.swift; sourceTree = "<group>"; };
		7122AAEE2D07960C0091DDF3 /* Constants.swift */ = {isa = PBXFileReference; lastKnownFileType = sourcecode.swift; path = Constants.swift; sourceTree = "<group>"; };
		716EFE872D04B1E800FA3356 /* Follower.swift */ = {isa = PBXFileReference; lastKnownFileType = sourcecode.swift; path = Follower.swift; sourceTree = "<group>"; };
		716EFE892D04B26200FA3356 /* User.swift */ = {isa = PBXFileReference; lastKnownFileType = sourcecode.swift; path = User.swift; sourceTree = "<group>"; };
		716EFE8C2D04B4E700FA3356 /* NetworkManager.swift */ = {isa = PBXFileReference; lastKnownFileType = sourcecode.swift; path = NetworkManager.swift; sourceTree = "<group>"; };
		716F2B752D089F8E00C7E31B /* GFItemInfoView.swift */ = {isa = PBXFileReference; lastKnownFileType = sourcecode.swift; path = GFItemInfoView.swift; sourceTree = "<group>"; };
		716F2B772D08A2F200C7E31B /* GFItemInfoVC.swift */ = {isa = PBXFileReference; lastKnownFileType = sourcecode.swift; path = GFItemInfoVC.swift; sourceTree = "<group>"; };
		716F2B792D08A57100C7E31B /* GFRepoItemVC.swift */ = {isa = PBXFileReference; lastKnownFileType = sourcecode.swift; path = GFRepoItemVC.swift; sourceTree = "<group>"; };
		716F2B7B2D08A73900C7E31B /* GFFollowerItemVC.swift */ = {isa = PBXFileReference; lastKnownFileType = sourcecode.swift; path = GFFollowerItemVC.swift; sourceTree = "<group>"; };
		716F2B802D08BA9500C7E31B /* Date+Ext.swift */ = {isa = PBXFileReference; lastKnownFileType = sourcecode.swift; path = "Date+Ext.swift"; sourceTree = "<group>"; };
		716F2B822D08BAAD00C7E31B /* String+Ext.swift */ = {isa = PBXFileReference; lastKnownFileType = sourcecode.swift; path = "String+Ext.swift"; sourceTree = "<group>"; };
		716F2B842D09BC2900C7E31B /* PersistenceManager.swift */ = {isa = PBXFileReference; lastKnownFileType = sourcecode.swift; path = PersistenceManager.swift; sourceTree = "<group>"; };
		716F2B862D09C59B00C7E31B /* FavoriteCell.swift */ = {isa = PBXFileReference; lastKnownFileType = sourcecode.swift; path = FavoriteCell.swift; sourceTree = "<group>"; };
		7172C5F72D03901B004F5549 /* AppDelegate.swift */ = {isa = PBXFileReference; lastKnownFileType = sourcecode.swift; path = AppDelegate.swift; sourceTree = "<group>"; };
		7172C5F82D03901B004F5549 /* Assets.xcassets */ = {isa = PBXFileReference; lastKnownFileType = folder.assetcatalog; path = Assets.xcassets; sourceTree = "<group>"; };
		7172C5F92D03901B004F5549 /* Info.plist */ = {isa = PBXFileReference; lastKnownFileType = text.plist.xml; path = Info.plist; sourceTree = "<group>"; };
		7172C5FA2D03901B004F5549 /* Base */ = {isa = PBXFileReference; lastKnownFileType = file.storyboard; name = Base; path = Base.lproj/LaunchScreen.storyboard; sourceTree = "<group>"; };
		7172C5FC2D03901B004F5549 /* SceneDelegate.swift */ = {isa = PBXFileReference; lastKnownFileType = sourcecode.swift; path = SceneDelegate.swift; sourceTree = "<group>"; };
		7172C5FD2D03901B004F5549 /* ViewController.swift */ = {isa = PBXFileReference; lastKnownFileType = sourcecode.swift; path = ViewController.swift; sourceTree = "<group>"; };
		7172C6092D039361004F5549 /* SearchVC.swift */ = {isa = PBXFileReference; lastKnownFileType = sourcecode.swift; path = SearchVC.swift; sourceTree = "<group>"; };
		7172C60B2D03937B004F5549 /* FavoritesListVC.swift */ = {isa = PBXFileReference; lastKnownFileType = sourcecode.swift; path = FavoritesListVC.swift; sourceTree = "<group>"; };
		7172C6112D039558004F5549 /* GFButton.swift */ = {isa = PBXFileReference; lastKnownFileType = sourcecode.swift; path = GFButton.swift; sourceTree = "<group>"; };
		7172C6132D03976E004F5549 /* GFTextField.swift */ = {isa = PBXFileReference; lastKnownFileType = sourcecode.swift; path = GFTextField.swift; sourceTree = "<group>"; };
		71A217E22D05146500442B8D /* FollowerCell.swift */ = {isa = PBXFileReference; lastKnownFileType = sourcecode.swift; path = FollowerCell.swift; sourceTree = "<group>"; };
		71A217E42D0514E000442B8D /* GFAvatarImageView.swift */ = {isa = PBXFileReference; lastKnownFileType = sourcecode.swift; path = GFAvatarImageView.swift; sourceTree = "<group>"; };
		71A217E62D06062E00442B8D /* UIHelper.swift */ = {isa = PBXFileReference; lastKnownFileType = sourcecode.swift; path = UIHelper.swift; sourceTree = "<group>"; };
		71A217EE2D06491800442B8D /* GFEmptyStateView.swift */ = {isa = PBXFileReference; lastKnownFileType = sourcecode.swift; path = GFEmptyStateView.swift; sourceTree = "<group>"; };
		71DB22812D020C8A0098DC06 /* GHFollowers.app */ = {isa = PBXFileReference; explicitFileType = wrapper.application; includeInIndex = 0; path = GHFollowers.app; sourceTree = BUILT_PRODUCTS_DIR; };
/* End PBXFileReference section */

/* Begin PBXFrameworksBuildPhase section */
		71DB227E2D020C8A0098DC06 /* Frameworks */ = {
			isa = PBXFrameworksBuildPhase;
			buildActionMask = 2147483647;
			files = (
			);
			runOnlyForDeploymentPostprocessing = 0;
		};
/* End PBXFrameworksBuildPhase section */

/* Begin PBXGroup section */
		716EFE822D04AECB00FA3356 /* Screens */ = {
			isa = PBXGroup;
			children = (
				711AC7C92D04774F00E5F548 /* FollowerListVC.swift */,
				7172C60B2D03937B004F5549 /* FavoritesListVC.swift */,
				7172C6092D039361004F5549 /* SearchVC.swift */,
				7122AAE52D07873E0091DDF3 /* UserInfoVC.swift */,
			);
			path = Screens;
			sourceTree = "<group>";
		};
		716EFE832D04AEF800FA3356 /* Custom Views */ = {
			isa = PBXGroup;
			children = (
				71A217ED2D0648FB00442B8D /* Labels */,
				71A217EC2D0648D400442B8D /* ViewControllers */,
				71A217EB2D0648CC00442B8D /* ImageViews */,
				71A217EA2D0648C400442B8D /* TextFields */,
				71A217E92D0648C000442B8D /* Buttons */,
				71A217E82D0648B200442B8D /* Views */,
				71A217E12D05144D00442B8D /* Cells */,
			);
			path = "Custom Views";
			sourceTree = "<group>";
		};
		716EFE842D04AF1A00FA3356 /* Extensions */ = {
			isa = PBXGroup;
			children = (
				716F2B822D08BAAD00C7E31B /* String+Ext.swift */,
				716F2B802D08BA9500C7E31B /* Date+Ext.swift */,
				711AC7D32D0485E700E5F548 /* UIViewController+Ext.swift */,
			);
			path = Extensions;
			sourceTree = "<group>";
		};
		716EFE852D04AF7E00FA3356 /* Support */ = {
			isa = PBXGroup;
			children = (
				7172C5F72D03901B004F5549 /* AppDelegate.swift */,
				7172C5FC2D03901B004F5549 /* SceneDelegate.swift */,
				7172C5FD2D03901B004F5549 /* ViewController.swift */,
				7172C5FB2D03901B004F5549 /* LaunchScreen.storyboard */,
				7172C5F82D03901B004F5549 /* Assets.xcassets */,
			);
			path = Support;
			sourceTree = "<group>";
		};
		716EFE862D04B1D900FA3356 /* Models */ = {
			isa = PBXGroup;
			children = (
				716EFE892D04B26200FA3356 /* User.swift */,
				716EFE872D04B1E800FA3356 /* Follower.swift */,
			);
			path = Models;
			sourceTree = "<group>";
		};
		716EFE8B2D04B4DF00FA3356 /* Managers */ = {
			isa = PBXGroup;
			children = (
				716F2B842D09BC2900C7E31B /* PersistenceManager.swift */,
				716EFE8C2D04B4E700FA3356 /* NetworkManager.swift */,
			);
			path = Managers;
			sourceTree = "<group>";
		};
		716F2B7D2D08A7B200C7E31B /* ItemInfoVCs */ = {
			isa = PBXGroup;
			children = (
				716F2B772D08A2F200C7E31B /* GFItemInfoVC.swift */,
				716F2B792D08A57100C7E31B /* GFRepoItemVC.swift */,
				716F2B7B2D08A73900C7E31B /* GFFollowerItemVC.swift */,
			);
			path = ItemInfoVCs;
			sourceTree = "<group>";
		};
		7172C5FE2D03901B004F5549 /* GHFollowers */ = {
			isa = PBXGroup;
			children = (
				71A217DE2D050E5600442B8D /* Utilities */,
				716EFE8B2D04B4DF00FA3356 /* Managers */,
				716EFE862D04B1D900FA3356 /* Models */,
				716EFE842D04AF1A00FA3356 /* Extensions */,
				716EFE832D04AEF800FA3356 /* Custom Views */,
				716EFE822D04AECB00FA3356 /* Screens */,
				716EFE852D04AF7E00FA3356 /* Support */,
				7172C5F92D03901B004F5549 /* Info.plist */,
			);
			path = GHFollowers;
			sourceTree = "<group>";
		};
		71A217DE2D050E5600442B8D /* Utilities */ = {
			isa = PBXGroup;
			children = (
				7122AAEE2D07960C0091DDF3 /* Constants.swift */,
				7122AAE72D078E340091DDF3 /* GFError.swift */,
				71A217E62D06062E00442B8D /* UIHelper.swift */,
			);
			path = Utilities;
			sourceTree = "<group>";
		};
		71A217E12D05144D00442B8D /* Cells */ = {
			isa = PBXGroup;
			children = (
				71A217E22D05146500442B8D /* FollowerCell.swift */,
				716F2B862D09C59B00C7E31B /* FavoriteCell.swift */,
			);
			path = Cells;
			sourceTree = "<group>";
		};
		71A217E82D0648B200442B8D /* Views */ = {
			isa = PBXGroup;
			children = (
				71A217EE2D06491800442B8D /* GFEmptyStateView.swift */,
				716F2B752D089F8E00C7E31B /* GFItemInfoView.swift */,
			);
			path = Views;
			sourceTree = "<group>";
		};
		71A217E92D0648C000442B8D /* Buttons */ = {
			isa = PBXGroup;
			children = (
				7172C6112D039558004F5549 /* GFButton.swift */,
			);
			path = Buttons;
			sourceTree = "<group>";
		};
		71A217EA2D0648C400442B8D /* TextFields */ = {
			isa = PBXGroup;
			children = (
				7172C6132D03976E004F5549 /* GFTextField.swift */,
			);
			path = TextFields;
			sourceTree = "<group>";
		};
		71A217EB2D0648CC00442B8D /* ImageViews */ = {
			isa = PBXGroup;
			children = (
				71A217E42D0514E000442B8D /* GFAvatarImageView.swift */,
			);
			path = ImageViews;
			sourceTree = "<group>";
		};
		71A217EC2D0648D400442B8D /* ViewControllers */ = {
			isa = PBXGroup;
			children = (
				716F2B7D2D08A7B200C7E31B /* ItemInfoVCs */,
				711AC7D12D0481A000E5F548 /* GFAlertVC.swift */,
				7122AAEA2D078FBD0091DDF3 /* GFUserInfoHeaderVC.swift */,
			);
			path = ViewControllers;
			sourceTree = "<group>";
		};
		71A217ED2D0648FB00442B8D /* Labels */ = {
			isa = PBXGroup;
			children = (
				711AC7CF2D04811A00E5F548 /* GFBodyLabel.swift */,
				711AC7CD2D047FF600E5F548 /* GFTitleLabel.swift */,
				7122AAEC2D078FF10091DDF3 /* GFSecondaryTitleLabel.swift */,
			);
			path = Labels;
			sourceTree = "<group>";
		};
		71DB22782D020C8A0098DC06 = {
			isa = PBXGroup;
			children = (
				7172C5FE2D03901B004F5549 /* GHFollowers */,
				71DB22822D020C8A0098DC06 /* Products */,
			);
			sourceTree = "<group>";
		};
		71DB22822D020C8A0098DC06 /* Products */ = {
			isa = PBXGroup;
			children = (
				71DB22812D020C8A0098DC06 /* GHFollowers.app */,
			);
			name = Products;
			sourceTree = "<group>";
		};
/* End PBXGroup section */

/* Begin PBXNativeTarget section */
		71DB22802D020C8A0098DC06 /* GHFollowers */ = {
			isa = PBXNativeTarget;
			buildConfigurationList = 71DB22942D020C8B0098DC06 /* Build configuration list for PBXNativeTarget "GHFollowers" */;
			buildPhases = (
				71DB227D2D020C8A0098DC06 /* Sources */,
				71DB227E2D020C8A0098DC06 /* Frameworks */,
				71DB227F2D020C8A0098DC06 /* Resources */,
			);
			buildRules = (
			);
			dependencies = (
			);
			name = GHFollowers;
			packageProductDependencies = (
			);
			productName = GHFollowers;
			productReference = 71DB22812D020C8A0098DC06 /* GHFollowers.app */;
			productType = "com.apple.product-type.application";
		};
/* End PBXNativeTarget section */

/* Begin PBXProject section */
		71DB22792D020C8A0098DC06 /* Project object */ = {
			isa = PBXProject;
			attributes = {
				BuildIndependentTargetsInParallel = 1;
				LastSwiftUpdateCheck = 1610;
				LastUpgradeCheck = 1610;
				TargetAttributes = {
					71DB22802D020C8A0098DC06 = {
						CreatedOnToolsVersion = 16.1;
					};
				};
			};
			buildConfigurationList = 71DB227C2D020C8A0098DC06 /* Build configuration list for PBXProject "GHFollowers" */;
			developmentRegion = en;
			hasScannedForEncodings = 0;
			knownRegions = (
				en,
				Base,
			);
			mainGroup = 71DB22782D020C8A0098DC06;
			minimizedProjectReferenceProxies = 1;
			preferredProjectObjectVersion = 77;
			productRefGroup = 71DB22822D020C8A0098DC06 /* Products */;
			projectDirPath = "";
			projectRoot = "";
			targets = (
				71DB22802D020C8A0098DC06 /* GHFollowers */,
			);
		};
/* End PBXProject section */

/* Begin PBXResourcesBuildPhase section */
		71DB227F2D020C8A0098DC06 /* Resources */ = {
			isa = PBXResourcesBuildPhase;
			buildActionMask = 2147483647;
			files = (
				7172C6022D03901B004F5549 /* Assets.xcassets in Resources */,
				7172C6042D03901B004F5549 /* LaunchScreen.storyboard in Resources */,
			);
			runOnlyForDeploymentPostprocessing = 0;
		};
/* End PBXResourcesBuildPhase section */

/* Begin PBXSourcesBuildPhase section */
		71DB227D2D020C8A0098DC06 /* Sources */ = {
			isa = PBXSourcesBuildPhase;
			buildActionMask = 2147483647;
			files = (
				711AC7CA2D04774F00E5F548 /* FollowerListVC.swift in Sources */,
				7172C60C2D03937B004F5549 /* FavoritesListVC.swift in Sources */,
				711AC7D42D0485E700E5F548 /* UIViewController+Ext.swift in Sources */,
				7122AAEB2D078FBD0091DDF3 /* GFUserInfoHeaderVC.swift in Sources */,
				7172C6142D03976E004F5549 /* GFTextField.swift in Sources */,
				7172C60A2D039361004F5549 /* SearchVC.swift in Sources */,
				71A217EF2D06491800442B8D /* GFEmptyStateView.swift in Sources */,
				7122AAED2D078FF10091DDF3 /* GFSecondaryTitleLabel.swift in Sources */,
				7172C6122D039558004F5549 /* GFButton.swift in Sources */,
				716EFE8A2D04B26400FA3356 /* User.swift in Sources */,
				7122AAE82D078E370091DDF3 /* GFError.swift in Sources */,
				71A217E32D05146500442B8D /* FollowerCell.swift in Sources */,
				716F2B852D09BC2E00C7E31B /* PersistenceManager.swift in Sources */,
				716F2B872D09C59B00C7E31B /* FavoriteCell.swift in Sources */,
				716F2B7A2D08A57100C7E31B /* GFRepoItemVC.swift in Sources */,
				71A217E52D0514E000442B8D /* GFAvatarImageView.swift in Sources */,
				711AC7D22D0481A000E5F548 /* GFAlertVC.swift in Sources */,
				7122AAE62D07873E0091DDF3 /* UserInfoVC.swift in Sources */,
				716EFE882D04B1EB00FA3356 /* Follower.swift in Sources */,
				7172C5FF2D03901B004F5549 /* AppDelegate.swift in Sources */,
				716F2B832D08BAB000C7E31B /* String+Ext.swift in Sources */,
				711AC7CE2D047FF600E5F548 /* GFTitleLabel.swift in Sources */,
				716F2B782D08A2F200C7E31B /* GFItemInfoVC.swift in Sources */,
				716F2B7C2D08A73900C7E31B /* GFFollowerItemVC.swift in Sources */,
				7172C6002D03901B004F5549 /* SceneDelegate.swift in Sources */,
				71A217E72D06063200442B8D /* UIHelper.swift in Sources */,
				716F2B812D08BA9700C7E31B /* Date+Ext.swift in Sources */,
				716EFE8D2D04B4EB00FA3356 /* NetworkManager.swift in Sources */,
				7172C6012D03901B004F5549 /* ViewController.swift in Sources */,
				716F2B762D089F8E00C7E31B /* GFItemInfoView.swift in Sources */,
				711AC7D02D04811A00E5F548 /* GFBodyLabel.swift in Sources */,
				7122AAEF2D07960F0091DDF3 /* Constants.swift in Sources */,
			);
			runOnlyForDeploymentPostprocessing = 0;
		};
/* End PBXSourcesBuildPhase section */

/* Begin PBXVariantGroup section */
		7172C5FB2D03901B004F5549 /* LaunchScreen.storyboard */ = {
			isa = PBXVariantGroup;
			children = (
				7172C5FA2D03901B004F5549 /* Base */,
			);
			name = LaunchScreen.storyboard;
			sourceTree = "<group>";
		};
/* End PBXVariantGroup section */

/* Begin XCBuildConfiguration section */
		71DB22952D020C8B0098DC06 /* Debug */ = {
			isa = XCBuildConfiguration;
			buildSettings = {
				ASSETCATALOG_COMPILER_APPICON_NAME = AppIcon;
				ASSETCATALOG_COMPILER_GLOBAL_ACCENT_COLOR_NAME = AccentColor;
				CODE_SIGN_STYLE = Automatic;
				CURRENT_PROJECT_VERSION = 1;
				GENERATE_INFOPLIST_FILE = YES;
				INFOPLIST_FILE = GHFollowers/Info.plist;
				INFOPLIST_KEY_UIApplicationSupportsIndirectInputEvents = YES;
				INFOPLIST_KEY_UILaunchStoryboardName = LaunchScreen;
				INFOPLIST_KEY_UISupportedInterfaceOrientations = UIInterfaceOrientationPortrait;
				LD_RUNPATH_SEARCH_PATHS = (
					"$(inherited)",
					"@executable_path/Frameworks",
				);
				MARKETING_VERSION = 1.0;
				PRODUCT_BUNDLE_IDENTIFIER = com.archonie.GHFollowers;
				PRODUCT_NAME = "$(TARGET_NAME)";
				SWIFT_EMIT_LOC_STRINGS = YES;
				SWIFT_VERSION = 5.0;
				TARGETED_DEVICE_FAMILY = "1,2";
			};
			name = Debug;
		};
		71DB22962D020C8B0098DC06 /* Release */ = {
			isa = XCBuildConfiguration;
			buildSettings = {
				ASSETCATALOG_COMPILER_APPICON_NAME = AppIcon;
				ASSETCATALOG_COMPILER_GLOBAL_ACCENT_COLOR_NAME = AccentColor;
				CODE_SIGN_STYLE = Automatic;
				CURRENT_PROJECT_VERSION = 1;
				GENERATE_INFOPLIST_FILE = YES;
				INFOPLIST_FILE = GHFollowers/Info.plist;
				INFOPLIST_KEY_UIApplicationSupportsIndirectInputEvents = YES;
				INFOPLIST_KEY_UILaunchStoryboardName = LaunchScreen;
				INFOPLIST_KEY_UISupportedInterfaceOrientations = UIInterfaceOrientationPortrait;
				LD_RUNPATH_SEARCH_PATHS = (
					"$(inherited)",
					"@executable_path/Frameworks",
				);
				MARKETING_VERSION = 1.0;
				PRODUCT_BUNDLE_IDENTIFIER = com.archonie.GHFollowers;
				PRODUCT_NAME = "$(TARGET_NAME)";
				SWIFT_EMIT_LOC_STRINGS = YES;
				SWIFT_VERSION = 5.0;
				TARGETED_DEVICE_FAMILY = "1,2";
			};
			name = Release;
		};
		71DB22972D020C8B0098DC06 /* Debug */ = {
			isa = XCBuildConfiguration;
			buildSettings = {
				ALWAYS_SEARCH_USER_PATHS = NO;
				ASSETCATALOG_COMPILER_GENERATE_SWIFT_ASSET_SYMBOL_EXTENSIONS = YES;
				CLANG_ANALYZER_NONNULL = YES;
				CLANG_ANALYZER_NUMBER_OBJECT_CONVERSION = YES_AGGRESSIVE;
				CLANG_CXX_LANGUAGE_STANDARD = "gnu++20";
				CLANG_ENABLE_MODULES = YES;
				CLANG_ENABLE_OBJC_ARC = YES;
				CLANG_ENABLE_OBJC_WEAK = YES;
				CLANG_WARN_BLOCK_CAPTURE_AUTORELEASING = YES;
				CLANG_WARN_BOOL_CONVERSION = YES;
				CLANG_WARN_COMMA = YES;
				CLANG_WARN_CONSTANT_CONVERSION = YES;
				CLANG_WARN_DEPRECATED_OBJC_IMPLEMENTATIONS = YES;
				CLANG_WARN_DIRECT_OBJC_ISA_USAGE = YES_ERROR;
				CLANG_WARN_DOCUMENTATION_COMMENTS = YES;
				CLANG_WARN_EMPTY_BODY = YES;
				CLANG_WARN_ENUM_CONVERSION = YES;
				CLANG_WARN_INFINITE_RECURSION = YES;
				CLANG_WARN_INT_CONVERSION = YES;
				CLANG_WARN_NON_LITERAL_NULL_CONVERSION = YES;
				CLANG_WARN_OBJC_IMPLICIT_RETAIN_SELF = YES;
				CLANG_WARN_OBJC_LITERAL_CONVERSION = YES;
				CLANG_WARN_OBJC_ROOT_CLASS = YES_ERROR;
				CLANG_WARN_QUOTED_INCLUDE_IN_FRAMEWORK_HEADER = YES;
				CLANG_WARN_RANGE_LOOP_ANALYSIS = YES;
				CLANG_WARN_STRICT_PROTOTYPES = YES;
				CLANG_WARN_SUSPICIOUS_MOVE = YES;
				CLANG_WARN_UNGUARDED_AVAILABILITY = YES_AGGRESSIVE;
				CLANG_WARN_UNREACHABLE_CODE = YES;
				CLANG_WARN__DUPLICATE_METHOD_MATCH = YES;
				COPY_PHASE_STRIP = NO;
				DEBUG_INFORMATION_FORMAT = dwarf;
				ENABLE_STRICT_OBJC_MSGSEND = YES;
				ENABLE_TESTABILITY = YES;
				ENABLE_USER_SCRIPT_SANDBOXING = YES;
				GCC_C_LANGUAGE_STANDARD = gnu17;
				GCC_DYNAMIC_NO_PIC = NO;
				GCC_NO_COMMON_BLOCKS = YES;
				GCC_OPTIMIZATION_LEVEL = 0;
				GCC_PREPROCESSOR_DEFINITIONS = (
					"DEBUG=1",
					"$(inherited)",
				);
				GCC_WARN_64_TO_32_BIT_CONVERSION = YES;
				GCC_WARN_ABOUT_RETURN_TYPE = YES_ERROR;
				GCC_WARN_UNDECLARED_SELECTOR = YES;
				GCC_WARN_UNINITIALIZED_AUTOS = YES_AGGRESSIVE;
				GCC_WARN_UNUSED_FUNCTION = YES;
				GCC_WARN_UNUSED_VARIABLE = YES;
				IPHONEOS_DEPLOYMENT_TARGET = 18.1;
				LOCALIZATION_PREFERS_STRING_CATALOGS = YES;
				MTL_ENABLE_DEBUG_INFO = INCLUDE_SOURCE;
				MTL_FAST_MATH = YES;
				ONLY_ACTIVE_ARCH = YES;
				SDKROOT = iphoneos;
				SWIFT_ACTIVE_COMPILATION_CONDITIONS = "DEBUG $(inherited)";
				SWIFT_OPTIMIZATION_LEVEL = "-Onone";
			};
			name = Debug;
		};
		71DB22982D020C8B0098DC06 /* Release */ = {
			isa = XCBuildConfiguration;
			buildSettings = {
				ALWAYS_SEARCH_USER_PATHS = NO;
				ASSETCATALOG_COMPILER_GENERATE_SWIFT_ASSET_SYMBOL_EXTENSIONS = YES;
				CLANG_ANALYZER_NONNULL = YES;
				CLANG_ANALYZER_NUMBER_OBJECT_CONVERSION = YES_AGGRESSIVE;
				CLANG_CXX_LANGUAGE_STANDARD = "gnu++20";
				CLANG_ENABLE_MODULES = YES;
				CLANG_ENABLE_OBJC_ARC = YES;
				CLANG_ENABLE_OBJC_WEAK = YES;
				CLANG_WARN_BLOCK_CAPTURE_AUTORELEASING = YES;
				CLANG_WARN_BOOL_CONVERSION = YES;
				CLANG_WARN_COMMA = YES;
				CLANG_WARN_CONSTANT_CONVERSION = YES;
				CLANG_WARN_DEPRECATED_OBJC_IMPLEMENTATIONS = YES;
				CLANG_WARN_DIRECT_OBJC_ISA_USAGE = YES_ERROR;
				CLANG_WARN_DOCUMENTATION_COMMENTS = YES;
				CLANG_WARN_EMPTY_BODY = YES;
				CLANG_WARN_ENUM_CONVERSION = YES;
				CLANG_WARN_INFINITE_RECURSION = YES;
				CLANG_WARN_INT_CONVERSION = YES;
				CLANG_WARN_NON_LITERAL_NULL_CONVERSION = YES;
				CLANG_WARN_OBJC_IMPLICIT_RETAIN_SELF = YES;
				CLANG_WARN_OBJC_LITERAL_CONVERSION = YES;
				CLANG_WARN_OBJC_ROOT_CLASS = YES_ERROR;
				CLANG_WARN_QUOTED_INCLUDE_IN_FRAMEWORK_HEADER = YES;
				CLANG_WARN_RANGE_LOOP_ANALYSIS = YES;
				CLANG_WARN_STRICT_PROTOTYPES = YES;
				CLANG_WARN_SUSPICIOUS_MOVE = YES;
				CLANG_WARN_UNGUARDED_AVAILABILITY = YES_AGGRESSIVE;
				CLANG_WARN_UNREACHABLE_CODE = YES;
				CLANG_WARN__DUPLICATE_METHOD_MATCH = YES;
				COPY_PHASE_STRIP = NO;
				DEBUG_INFORMATION_FORMAT = "dwarf-with-dsym";
				ENABLE_NS_ASSERTIONS = NO;
				ENABLE_STRICT_OBJC_MSGSEND = YES;
				ENABLE_USER_SCRIPT_SANDBOXING = YES;
				GCC_C_LANGUAGE_STANDARD = gnu17;
				GCC_NO_COMMON_BLOCKS = YES;
				GCC_WARN_64_TO_32_BIT_CONVERSION = YES;
				GCC_WARN_ABOUT_RETURN_TYPE = YES_ERROR;
				GCC_WARN_UNDECLARED_SELECTOR = YES;
				GCC_WARN_UNINITIALIZED_AUTOS = YES_AGGRESSIVE;
				GCC_WARN_UNUSED_FUNCTION = YES;
				GCC_WARN_UNUSED_VARIABLE = YES;
				IPHONEOS_DEPLOYMENT_TARGET = 18.1;
				LOCALIZATION_PREFERS_STRING_CATALOGS = YES;
				MTL_ENABLE_DEBUG_INFO = NO;
				MTL_FAST_MATH = YES;
				SDKROOT = iphoneos;
				SWIFT_COMPILATION_MODE = wholemodule;
				VALIDATE_PRODUCT = YES;
			};
			name = Release;
		};
/* End XCBuildConfiguration section */

/* Begin XCConfigurationList section */
		71DB227C2D020C8A0098DC06 /* Build configuration list for PBXProject "GHFollowers" */ = {
			isa = XCConfigurationList;
			buildConfigurations = (
				71DB22972D020C8B0098DC06 /* Debug */,
				71DB22982D020C8B0098DC06 /* Release */,
			);
			defaultConfigurationIsVisible = 0;
			defaultConfigurationName = Release;
		};
		71DB22942D020C8B0098DC06 /* Build configuration list for PBXNativeTarget "GHFollowers" */ = {
			isa = XCConfigurationList;
			buildConfigurations = (
				71DB22952D020C8B0098DC06 /* Debug */,
				71DB22962D020C8B0098DC06 /* Release */,
			);
			defaultConfigurationIsVisible = 0;
			defaultConfigurationName = Release;
		};
/* End XCConfigurationList section */
	};
	rootObject = 71DB22792D020C8A0098DC06 /* Project object */;
}
